
Microsoft Visual Studio Solution File, Format Version 11.00
# Visual Studio 2010
Project("{FAE04EC0-301F-11D3-BF4B-00C04F79EFBC}") = "SimuKit.ML.Ensemble", "SimuKit.ML.Ensemble\SimuKit.ML.Ensemble.csproj", "{43060F05-1AB0-483C-BEA4-AC1F62A85FE2}"
EndProject
Project("{FAE04EC0-301F-11D3-BF4B-00C04F79EFBC}") = "SimuKit.ML", "..\SimuKit.ML\SimuKit.ML.csproj", "{A0EEAC9F-645A-4C76-A960-31C79BA71417}"
EndProject
Project("{FAE04EC0-301F-11D3-BF4B-00C04F79EFBC}") = "SimuKit.Math", "..\SimuKit.Math\SimuKit.Math.csproj", "{206551B4-70D2-4587-B1B8-AB276578B8F4}"
EndProject
Global
	GlobalSection(SolutionConfigurationPlatforms) = preSolution
		Debug|Any CPU = Debug|Any CPU
		Release|Any CPU = Release|Any CPU
	EndGlobalSection
	GlobalSection(ProjectConfigurationPlatforms) = postSolution
		{43060F05-1AB0-483C-BEA4-AC1F62A85FE2}.Debug|Any CPU.ActiveCfg = Debug|Any CPU
		{43060F05-1AB0-483C-BEA4-AC1F62A85FE2}.Debug|Any CPU.Build.0 = Debug|Any CPU
		{43060F05-1AB0-483C-BEA4-AC1F62A85FE2}.Release|Any CPU.ActiveCfg = Release|Any CPU
		{43060F05-1AB0-483C-BEA4-AC1F62A85FE2}.Release|Any CPU.Build.0 = Release|Any CPU
		{A0EEAC9F-645A-4C76-A960-31C79BA71417}.Debug|Any CPU.ActiveCfg = Debug|Any CPU
		{A0EEAC9F-645A-4C76-A960-31C79BA71417}.Debug|Any CPU.Build.0 = Debug|Any CPU
		{A0EEAC9F-645A-4C76-A960-31C79BA71417}.Release|Any CPU.ActiveCfg = Release|Any CPU
		{A0EEAC9F-645A-4C76-A960-31C79BA71417}.Release|Any CPU.Build.0 = Release|Any CPU
		{206551B4-70D2-4587-B1B8-AB276578B8F4}.Debug|Any CPU.ActiveCfg = Debug|Any CPU
		{206551B4-70D2-4587-B1B8-AB276578B8F4}.Debug|Any CPU.Build.0 = Debug|Any CPU
		{206551B4-70D2-4587-B1B8-AB276578B8F4}.Release|Any CPU.ActiveCfg = Release|Any CPU
		{206551B4-70D2-4587-B1B8-AB276578B8F4}.Release|Any CPU.Build.0 = Release|Any CPU
	EndGlobalSection
	GlobalSection(SolutionProperties) = preSolution
		HideSolutionNode = FALSE
	EndGlobalSection
EndGlobal
